{
  "name": "js-cucumber-selenium",
  "version": "1.0.0",
  "description": "",
  "main": "index.js",
  "scripts": {
    "test": "./node_modules/.bin/cucumber-js"
  },
  "repository": {
    "type": "git",
    "url": "git+https://github.com/Franias/Teste-para-QA.git"
  },
  "author": "",
  "license": "ISC",
  "devDependencies": {
    "cucumber": "^4.2.1",
    "selenium-webdriver": "^3.6.0"
  }
}